
Microsoft Visual Studio Solution File, Format Version 12.00
# Visual Studio Version 16
VisualStudioVersion = 16.0.30114.105
MinimumVisualStudioVersion = 10.0.40219.1
Project("{FAE04EC0-301F-11D3-BF4B-00C04F79EFBC}") = "R5T.T0029", "R5T.T0029\R5T.T0029.csproj", "{290AD90F-BC50-4766-8351-AB6B424A7953}"
EndProject
Project("{FAE04EC0-301F-11D3-BF4B-00C04F79EFBC}") = "R5T.T0029.Abstractions", "R5T.T0029.Abstractions\R5T.T0029.Abstractions.csproj", "{775D5545-007A-492A-A47A-564797530773}"
EndProject
Project("{FAE04EC0-301F-11D3-BF4B-00C04F79EFBC}") = "R5T.T0029.Construction", "R5T.T0029.Construction\R5T.T0029.Construction.csproj", "{FCBC9C49-70E7-4999-978F-3D47FBF0EFE6}"
EndProject
Global
	GlobalSection(SolutionConfigurationPlatforms) = preSolution
		Debug|Any CPU = Debug|Any CPU
		Debug|x64 = Debug|x64
		Debug|x86 = Debug|x86
		Release|Any CPU = Release|Any CPU
		Release|x64 = Release|x64
		Release|x86 = Release|x86
	EndGlobalSection
	GlobalSection(SolutionProperties) = preSolution
		HideSolutionNode = FALSE
	EndGlobalSection
	GlobalSection(ProjectConfigurationPlatforms) = postSolution
		{290AD90F-BC50-4766-8351-AB6B424A7953}.Debug|Any CPU.ActiveCfg = Debug|Any CPU
		{290AD90F-BC50-4766-8351-AB6B424A7953}.Debug|Any CPU.Build.0 = Debug|Any CPU
		{290AD90F-BC50-4766-8351-AB6B424A7953}.Debug|x64.ActiveCfg = Debug|Any CPU
		{290AD90F-BC50-4766-8351-AB6B424A7953}.Debug|x64.Build.0 = Debug|Any CPU
		{290AD90F-BC50-4766-8351-AB6B424A7953}.Debug|x86.ActiveCfg = Debug|Any CPU
		{290AD90F-BC50-4766-8351-AB6B424A7953}.Debug|x86.Build.0 = Debug|Any CPU
		{290AD90F-BC50-4766-8351-AB6B424A7953}.Release|Any CPU.ActiveCfg = Release|Any CPU
		{290AD90F-BC50-4766-8351-AB6B424A7953}.Release|Any CPU.Build.0 = Release|Any CPU
		{290AD90F-BC50-4766-8351-AB6B424A7953}.Release|x64.ActiveCfg = Release|Any CPU
		{290AD90F-BC50-4766-8351-AB6B424A7953}.Release|x64.Build.0 = Release|Any CPU
		{290AD90F-BC50-4766-8351-AB6B424A7953}.Release|x86.ActiveCfg = Release|Any CPU
		{290AD90F-BC50-4766-8351-AB6B424A7953}.Release|x86.Build.0 = Release|Any CPU
		{775D5545-007A-492A-A47A-564797530773}.Debug|Any CPU.ActiveCfg = Debug|Any CPU
		{775D5545-007A-492A-A47A-564797530773}.Debug|Any CPU.Build.0 = Debug|Any CPU
		{775D5545-007A-492A-A47A-564797530773}.Debug|x64.ActiveCfg = Debug|Any CPU
		{775D5545-007A-492A-A47A-564797530773}.Debug|x64.Build.0 = Debug|Any CPU
		{775D5545-007A-492A-A47A-564797530773}.Debug|x86.ActiveCfg = Debug|Any CPU
		{775D5545-007A-492A-A47A-564797530773}.Debug|x86.Build.0 = Debug|Any CPU
		{775D5545-007A-492A-A47A-564797530773}.Release|Any CPU.ActiveCfg = Release|Any CPU
		{775D5545-007A-492A-A47A-564797530773}.Release|Any CPU.Build.0 = Release|Any CPU
		{775D5545-007A-492A-A47A-564797530773}.Release|x64.ActiveCfg = Release|Any CPU
		{775D5545-007A-492A-A47A-564797530773}.Release|x64.Build.0 = Release|Any CPU
		{775D5545-007A-492A-A47A-564797530773}.Release|x86.ActiveCfg = Release|Any CPU
		{775D5545-007A-492A-A47A-564797530773}.Release|x86.Build.0 = Release|Any CPU
		{FCBC9C49-70E7-4999-978F-3D47FBF0EFE6}.Debug|Any CPU.ActiveCfg = Debug|Any CPU
		{FCBC9C49-70E7-4999-978F-3D47FBF0EFE6}.Debug|Any CPU.Build.0 = Debug|Any CPU
		{FCBC9C49-70E7-4999-978F-3D47FBF0EFE6}.Debug|x64.ActiveCfg = Debug|Any CPU
		{FCBC9C49-70E7-4999-978F-3D47FBF0EFE6}.Debug|x64.Build.0 = Debug|Any CPU
		{FCBC9C49-70E7-4999-978F-3D47FBF0EFE6}.Debug|x86.ActiveCfg = Debug|Any CPU
		{FCBC9C49-70E7-4999-978F-3D47FBF0EFE6}.Debug|x86.Build.0 = Debug|Any CPU
		{FCBC9C49-70E7-4999-978F-3D47FBF0EFE6}.Release|Any CPU.ActiveCfg = Release|Any CPU
		{FCBC9C49-70E7-4999-978F-3D47FBF0EFE6}.Release|Any CPU.Build.0 = Release|Any CPU
		{FCBC9C49-70E7-4999-978F-3D47FBF0EFE6}.Release|x64.ActiveCfg = Release|Any CPU
		{FCBC9C49-70E7-4999-978F-3D47FBF0EFE6}.Release|x64.Build.0 = Release|Any CPU
		{FCBC9C49-70E7-4999-978F-3D47FBF0EFE6}.Release|x86.ActiveCfg = Release|Any CPU
		{FCBC9C49-70E7-4999-978F-3D47FBF0EFE6}.Release|x86.Build.0 = Release|Any CPU
	EndGlobalSection
EndGlobal
